
Microsoft Visual Studio Solution File, Format Version 12.00
# Visual Studio Version 17
VisualStudioVersion = 17.9.34714.143
MinimumVisualStudioVersion = 10.0.40219.1
Project("{FAE04EC0-301F-11D3-BF4B-00C04F79EFBC}") = "BigONotationDemo", "BigONotationDemo\BigONotationDemo.csproj", "{CA44E39D-3C03-44A5-B46C-08FFE5CF5C86}"
EndProject
Global
	GlobalSection(SolutionConfigurationPlatforms) = preSolution
		Debug|Any CPU = Debug|Any CPU
		Release|Any CPU = Release|Any CPU
	EndGlobalSection
	GlobalSection(ProjectConfigurationPlatforms) = postSolution
		{CA44E39D-3C03-44A5-B46C-08FFE5CF5C86}.Debug|Any CPU.ActiveCfg = Debug|Any CPU
		{CA44E39D-3C03-44A5-B46C-08FFE5CF5C86}.Debug|Any CPU.Build.0 = Debug|Any CPU
		{CA44E39D-3C03-44A5-B46C-08FFE5CF5C86}.Release|Any CPU.ActiveCfg = Release|Any CPU
		{CA44E39D-3C03-44A5-B46C-08FFE5CF5C86}.Release|Any CPU.Build.0 = Release|Any CPU
	EndGlobalSection
	GlobalSection(SolutionProperties) = preSolution
		HideSolutionNode = FALSE
	EndGlobalSection
	GlobalSection(ExtensibilityGlobals) = postSolution
		SolutionGuid = {E0CDA0A1-B8CB-4371-9BE5-0AE59E27BC78}
	EndGlobalSection
EndGlobal
